// !$*UTF8*$!
{
	archiveVersion = 1;
	classes = {
	};
	objectVersion = 46;
	objects = {

/* Begin PBXBuildFile section */
		9075F7811DFA544700D92208 /* AppDelegate.swift in Sources */ = {isa = PBXBuildFile; fileRef = 9075F7801DFA544700D92208 /* AppDelegate.swift */; };
		9075F7831DFA544700D92208 /* Assets.xcassets in Resources */ = {isa = PBXBuildFile; fileRef = 9075F7821DFA544700D92208 /* Assets.xcassets */; };
		9075F7861DFA544700D92208 /* MainMenu.xib in Resources */ = {isa = PBXBuildFile; fileRef = 9075F7841DFA544700D92208 /* MainMenu.xib */; };
		90784D871E2784E700110FA0 /* MainViewController.swift in Sources */ = {isa = PBXBuildFile; fileRef = 90784D861E2784E700110FA0 /* MainViewController.swift */; };
		90D871331E26368F0016B0D2 /* Models.swift in Sources */ = {isa = PBXBuildFile; fileRef = 90D871321E26368F0016B0D2 /* Models.swift */; };
		90FE7DE71E2766660052F073 /* FileProtocols.swift in Sources */ = {isa = PBXBuildFile; fileRef = 90FE7DE61E2766660052F073 /* FileProtocols.swift */; };
		90FE7DE91E276A6D0052F073 /* ImageProtocols.swift in Sources */ = {isa = PBXBuildFile; fileRef = 90FE7DE81E276A6D0052F073 /* ImageProtocols.swift */; };
		90FE7DEB1E277A400052F073 /* ContrastProtocols.swift in Sources */ = {isa = PBXBuildFile; fileRef = 90FE7DEA1E277A400052F073 /* ContrastProtocols.swift */; };
/* End PBXBuildFile section */

/* Begin PBXFileReference section */
		9075F77D1DFA544600D92208 /* ResourcesScanner.app */ = {isa = PBXFileReference; explicitFileType = wrapper.application; includeInIndex = 0; path = ResourcesScanner.app; sourceTree = BUILT_PRODUCTS_DIR; };
		9075F7801DFA544700D92208 /* AppDelegate.swift */ = {isa = PBXFileReference; lastKnownFileType = sourcecode.swift; path = AppDelegate.swift; sourceTree = "<group>"; };
		9075F7821DFA544700D92208 /* Assets.xcassets */ = {isa = PBXFileReference; lastKnownFileType = folder.assetcatalog; path = Assets.xcassets; sourceTree = "<group>"; };
		9075F7851DFA544700D92208 /* Base */ = {isa = PBXFileReference; lastKnownFileType = file.xib; name = Base; path = Base.lproj/MainMenu.xib; sourceTree = "<group>"; };
		9075F7871DFA544700D92208 /* Info.plist */ = {isa = PBXFileReference; lastKnownFileType = text.plist.xml; path = Info.plist; sourceTree = "<group>"; };
		90784D861E2784E700110FA0 /* MainViewController.swift */ = {isa = PBXFileReference; fileEncoding = 4; lastKnownFileType = sourcecode.swift; path = MainViewController.swift; sourceTree = "<group>"; };
		90D871321E26368F0016B0D2 /* Models.swift */ = {isa = PBXFileReference; fileEncoding = 4; lastKnownFileType = sourcecode.swift; path = Models.swift; sourceTree = "<group>"; };
		90FE7DE61E2766660052F073 /* FileProtocols.swift */ = {isa = PBXFileReference; fileEncoding = 4; lastKnownFileType = sourcecode.swift; path = FileProtocols.swift; sourceTree = "<group>"; };
		90FE7DE81E276A6D0052F073 /* ImageProtocols.swift */ = {isa = PBXFileReference; fileEncoding = 4; lastKnownFileType = sourcecode.swift; path = ImageProtocols.swift; sourceTree = "<group>"; };
		90FE7DEA1E277A400052F073 /* ContrastProtocols.swift */ = {isa = PBXFileReference; fileEncoding = 4; lastKnownFileType = sourcecode.swift; path = ContrastProtocols.swift; sourceTree = "<group>"; };
/* End PBXFileReference section */

/* Begin PBXFrameworksBuildPhase section */
		9075F77A1DFA544600D92208 /* Frameworks */ = {
			isa = PBXFrameworksBuildPhase;
			buildActionMask = 2147483647;
			files = (
			);
			runOnlyForDeploymentPostprocessing = 0;
		};
/* End PBXFrameworksBuildPhase section */

/* Begin PBXGroup section */
		9075F7741DFA544600D92208 = {
			isa = PBXGroup;
			children = (
				9075F77F1DFA544600D92208 /* ResourcesScanner */,
				9075F77E1DFA544600D92208 /* Products */,
			);
			sourceTree = "<group>";
		};
		9075F77E1DFA544600D92208 /* Products */ = {
			isa = PBXGroup;
			children = (
				9075F77D1DFA544600D92208 /* ResourcesScanner.app */,
			);
			name = Products;
			sourceTree = "<group>";
		};
		9075F77F1DFA544600D92208 /* ResourcesScanner */ = {
			isa = PBXGroup;
			children = (
				90784D851E2784BD00110FA0 /* ViewControllers */,
				90FE7DE11E275D660052F073 /* Protocols */,
				90D871311E2636570016B0D2 /* Models */,
				9075F7801DFA544700D92208 /* AppDelegate.swift */,
				9075F7821DFA544700D92208 /* Assets.xcassets */,
				9075F7841DFA544700D92208 /* MainMenu.xib */,
				9075F7871DFA544700D92208 /* Info.plist */,
			);
			path = ResourcesScanner;
			sourceTree = "<group>";
		};
		90784D851E2784BD00110FA0 /* ViewControllers */ = {
			isa = PBXGroup;
			children = (
				90784D861E2784E700110FA0 /* MainViewController.swift */,
			);
			path = ViewControllers;
			sourceTree = "<group>";
		};
		90D871311E2636570016B0D2 /* Models */ = {
			isa = PBXGroup;
			children = (
				90D871321E26368F0016B0D2 /* Models.swift */,
			);
			path = Models;
			sourceTree = "<group>";
		};
		90FE7DE11E275D660052F073 /* Protocols */ = {
			isa = PBXGroup;
			children = (
				90FE7DE61E2766660052F073 /* FileProtocols.swift */,
				90FE7DE81E276A6D0052F073 /* ImageProtocols.swift */,
				90FE7DEA1E277A400052F073 /* ContrastProtocols.swift */,
			);
			path = Protocols;
			sourceTree = "<group>";
		};
/* End PBXGroup section */

/* Begin PBXNativeTarget section */
		9075F77C1DFA544600D92208 /* ResourcesScanner */ = {
			isa = PBXNativeTarget;
			buildConfigurationList = 9075F78A1DFA544700D92208 /* Build configuration list for PBXNativeTarget "ResourcesScanner" */;
			buildPhases = (
				9075F7791DFA544600D92208 /* Sources */,
				9075F77A1DFA544600D92208 /* Frameworks */,
				9075F77B1DFA544600D92208 /* Resources */,
			);
			buildRules = (
			);
			dependencies = (
			);
			name = ResourcesScanner;
			productName = ResourcesScanner;
			productReference = 9075F77D1DFA544600D92208 /* ResourcesScanner.app */;
			productType = "com.apple.product-type.application";
		};
/* End PBXNativeTarget section */

/* Begin PBXProject section */
		9075F7751DFA544600D92208 /* Project object */ = {
			isa = PBXProject;
			attributes = {
				LastSwiftUpdateCheck = 0810;
				LastUpgradeCheck = 0820;
				ORGANIZATIONNAME = "樊远东";
				TargetAttributes = {
					9075F77C1DFA544600D92208 = {
						CreatedOnToolsVersion = 8.1;
						ProvisioningStyle = Automatic;
					};
				};
			};
			buildConfigurationList = 9075F7781DFA544600D92208 /* Build configuration list for PBXProject "ResourcesScanner" */;
			compatibilityVersion = "Xcode 3.2";
			developmentRegion = English;
			hasScannedForEncodings = 0;
			knownRegions = (
				en,
				Base,
			);
			mainGroup = 9075F7741DFA544600D92208;
			productRefGroup = 9075F77E1DFA544600D92208 /* Products */;
			projectDirPath = "";
			projectRoot = "";
			targets = (
				9075F77C1DFA544600D92208 /* ResourcesScanner */,
			);
		};
/* End PBXProject section */

/* Begin PBXResourcesBuildPhase section */
		9075F77B1DFA544600D92208 /* Resources */ = {
			isa = PBXResourcesBuildPhase;
			buildActionMask = 2147483647;
			files = (
				9075F7831DFA544700D92208 /* Assets.xcassets in Resources */,
				9075F7861DFA544700D92208 /* MainMenu.xib in Resources */,
			);
			runOnlyForDeploymentPostprocessing = 0;
		};
/* End PBXResourcesBuildPhase section */

/* Begin PBXSourcesBuildPhase section */
		9075F7791DFA544600D92208 /* Sources */ = {
			isa = PBXSourcesBuildPhase;
			buildActionMask = 2147483647;
			files = (
				90FE7DEB1E277A400052F073 /* ContrastProtocols.swift in Sources */,
				90FE7DE71E2766660052F073 /* FileProtocols.swift in Sources */,
				90FE7DE91E276A6D0052F073 /* ImageProtocols.swift in Sources */,
				90784D871E2784E700110FA0 /* MainViewController.swift in Sources */,
				90D871331E26368F0016B0D2 /* Models.swift in Sources */,
				9075F7811DFA544700D92208 /* AppDelegate.swift in Sources */,
			);
			runOnlyForDeploymentPostprocessing = 0;
		};
/* End PBXSourcesBuildPhase section */

/* Begin PBXVariantGroup section */
		9075F7841DFA544700D92208 /* MainMenu.xib */ = {
			isa = PBXVariantGroup;
			children = (
				9075F7851DFA544700D92208 /* Base */,
			);
			name = MainMenu.xib;
			sourceTree = "<group>";
		};
/* End PBXVariantGroup section */

/* Begin XCBuildConfiguration section */
		9075F7881DFA544700D92208 /* Debug */ = {
			isa = XCBuildConfiguration;
			buildSettings = {
				ALWAYS_SEARCH_USER_PATHS = NO;
				CLANG_ANALYZER_NONNULL = YES;
				CLANG_CXX_LANGUAGE_STANDARD = "gnu++0x";
				CLANG_CXX_LIBRARY = "libc++";
				CLANG_ENABLE_MODULES = YES;
				CLANG_ENABLE_OBJC_ARC = YES;
				CLANG_WARN_BOOL_CONVERSION = YES;
				CLANG_WARN_CONSTANT_CONVERSION = YES;
				CLANG_WARN_DIRECT_OBJC_ISA_USAGE = YES_ERROR;
				CLANG_WARN_DOCUMENTATION_COMMENTS = YES;
				CLANG_WARN_EMPTY_BODY = YES;
				CLANG_WARN_ENUM_CONVERSION = YES;
				CLANG_WARN_INFINITE_RECURSION = YES;
				CLANG_WARN_INT_CONVERSION = YES;
				CLANG_WARN_OBJC_ROOT_CLASS = YES_ERROR;
				CLANG_WARN_SUSPICIOUS_MOVE = YES;
				CLANG_WARN_SUSPICIOUS_MOVES = YES;
				CLANG_WARN_UNREACHABLE_CODE = YES;
				CLANG_WARN__DUPLICATE_METHOD_MATCH = YES;
				CODE_SIGN_IDENTITY = "-";
				COPY_PHASE_STRIP = NO;
				DEBUG_INFORMATION_FORMAT = dwarf;
				ENABLE_STRICT_OBJC_MSGSEND = YES;
				ENABLE_TESTABILITY = YES;
				GCC_C_LANGUAGE_STANDARD = gnu99;
				GCC_DYNAMIC_NO_PIC = NO;
				GCC_NO_COMMON_BLOCKS = YES;
				GCC_OPTIMIZATION_LEVEL = 0;
				GCC_PREPROCESSOR_DEFINITIONS = (
					"DEBUG=1",
					"$(inherited)",
				);
				GCC_WARN_64_TO_32_BIT_CONVERSION = YES;
				GCC_WARN_ABOUT_RETURN_TYPE = YES_ERROR;
				GCC_WARN_UNDECLARED_SELECTOR = YES;
				GCC_WARN_UNINITIALIZED_AUTOS = YES_AGGRESSIVE;
				GCC_WARN_UNUSED_FUNCTION = YES;
				GCC_WARN_UNUSED_VARIABLE = YES;
				MACOSX_DEPLOYMENT_TARGET = 10.12;
				MTL_ENABLE_DEBUG_INFO = YES;
				ONLY_ACTIVE_ARCH = YES;
				SDKROOT = macosx;
				SWIFT_ACTIVE_COMPILATION_CONDITIONS = DEBUG;
				SWIFT_OPTIMIZATION_LEVEL = "-Onone";
			};
			name = Debug;
		};
		9075F7891DFA544700D92208 /* Release */ = {
			isa = XCBuildConfiguration;
			buildSettings = {
				ALWAYS_SEARCH_USER_PATHS = NO;
				CLANG_ANALYZER_NONNULL = YES;
				CLANG_CXX_LANGUAGE_STANDARD = "gnu++0x";
				CLANG_CXX_LIBRARY = "libc++";
				CLANG_ENABLE_MODULES = YES;
				CLANG_ENABLE_OBJC_ARC = YES;
				CLANG_WARN_BOOL_CONVERSION = YES;
				CLANG_WARN_CONSTANT_CONVERSION = YES;
				CLANG_WARN_DIRECT_OBJC_ISA_USAGE = YES_ERROR;
				CLANG_WARN_DOCUMENTATION_COMMENTS = YES;
				CLANG_WARN_EMPTY_BODY = YES;
				CLANG_WARN_ENUM_CONVERSION = YES;
				CLANG_WARN_INFINITE_RECURSION = YES;
				CLANG_WARN_INT_CONVERSION = YES;
				CLANG_WARN_OBJC_ROOT_CLASS = YES_ERROR;
				CLANG_WARN_SUSPICIOUS_MOVE = YES;
				CLANG_WARN_SUSPICIOUS_MOVES = YES;
				CLANG_WARN_UNREACHABLE_CODE = YES;
				CLANG_WARN__DUPLICATE_METHOD_MATCH = YES;
				CODE_SIGN_IDENTITY = "-";
				COPY_PHASE_STRIP = NO;
				DEBUG_INFORMATION_FORMAT = "dwarf-with-dsym";
				ENABLE_NS_ASSERTIONS = NO;
				ENABLE_STRICT_OBJC_MSGSEND = YES;
				GCC_C_LANGUAGE_STANDARD = gnu99;
				GCC_NO_COMMON_BLOCKS = YES;
				GCC_WARN_64_TO_32_BIT_CONVERSION = YES;
				GCC_WARN_ABOUT_RETURN_TYPE = YES_ERROR;
				GCC_WARN_UNDECLARED_SELECTOR = YES;
				GCC_WARN_UNINITIALIZED_AUTOS = YES_AGGRESSIVE;
				GCC_WARN_UNUSED_FUNCTION = YES;
				GCC_WARN_UNUSED_VARIABLE = YES;
				MACOSX_DEPLOYMENT_TARGET = 10.12;
				MTL_ENABLE_DEBUG_INFO = NO;
				SDKROOT = macosx;
				SWIFT_OPTIMIZATION_LEVEL = "-Owholemodule";
			};
			name = Release;
		};
		9075F78B1DFA544700D92208 /* Debug */ = {
			isa = XCBuildConfiguration;
			buildSettings = {
				ASSETCATALOG_COMPILER_APPICON_NAME = AppIcon;
				COMBINE_HIDPI_IMAGES = YES;
				INFOPLIST_FILE = ResourcesScanner/Info.plist;
				LD_RUNPATH_SEARCH_PATHS = "$(inherited) @executable_path/../Frameworks";
				PRODUCT_BUNDLE_IDENTIFIER = me.kabda.ResourcesScanner;
				PRODUCT_NAME = "$(TARGET_NAME)";
				SWIFT_VERSION = 3.0;
			};
			name = Debug;
		};
		9075F78C1DFA544700D92208 /* Release */ = {
			isa = XCBuildConfiguration;
			buildSettings = {
				ASSETCATALOG_COMPILER_APPICON_NAME = AppIcon;
				COMBINE_HIDPI_IMAGES = YES;
				INFOPLIST_FILE = ResourcesScanner/Info.plist;
				LD_RUNPATH_SEARCH_PATHS = "$(inherited) @executable_path/../Frameworks";
				PRODUCT_BUNDLE_IDENTIFIER = me.kabda.ResourcesScanner;
				PRODUCT_NAME = "$(TARGET_NAME)";
				SWIFT_VERSION = 3.0;
			};
			name = Release;
		};
/* End XCBuildConfiguration section */

/* Begin XCConfigurationList section */
		9075F7781DFA544600D92208 /* Build configuration list for PBXProject "ResourcesScanner" */ = {
			isa = XCConfigurationList;
			buildConfigurations = (
				9075F7881DFA544700D92208 /* Debug */,
				9075F7891DFA544700D92208 /* Release */,
			);
			defaultConfigurationIsVisible = 0;
			defaultConfigurationName = Release;
		};
		9075F78A1DFA544700D92208 /* Build configuration list for PBXNativeTarget "ResourcesScanner" */ = {
			isa = XCConfigurationList;
			buildConfigurations = (
				9075F78B1DFA544700D92208 /* Debug */,
				9075F78C1DFA544700D92208 /* Release */,
			);
			defaultConfigurationIsVisible = 0;
			defaultConfigurationName = Release;
		};
/* End XCConfigurationList section */
	};
	rootObject = 9075F7751DFA544600D92208 /* Project object */;
}
